
Microsoft Visual Studio Solution File, Format Version 12.00
# Visual Studio Version 17
VisualStudioVersion = 17.8.34309.116
MinimumVisualStudioVersion = 10.0.40219.1
Project("{FAE04EC0-301F-11D3-BF4B-00C04F79EFBC}") = "Task1_Arrays", "Task1_Arrays\Task1_Arrays.csproj", "{81EB79DE-33EE-4090-B030-48D06E9809C9}"
EndProject
Project("{FAE04EC0-301F-11D3-BF4B-00C04F79EFBC}") = "Task2_Arrays", "Task2_Arrays\Task2_Arrays.csproj", "{9FAB9D30-883E-4EC9-940C-DCF247C01628}"
EndProject
Global
	GlobalSection(SolutionConfigurationPlatforms) = preSolution
		Debug|Any CPU = Debug|Any CPU
		Release|Any CPU = Release|Any CPU
	EndGlobalSection
	GlobalSection(ProjectConfigurationPlatforms) = postSolution
		{81EB79DE-33EE-4090-B030-48D06E9809C9}.Debug|Any CPU.ActiveCfg = Debug|Any CPU
		{81EB79DE-33EE-4090-B030-48D06E9809C9}.Debug|Any CPU.Build.0 = Debug|Any CPU
		{81EB79DE-33EE-4090-B030-48D06E9809C9}.Release|Any CPU.ActiveCfg = Release|Any CPU
		{81EB79DE-33EE-4090-B030-48D06E9809C9}.Release|Any CPU.Build.0 = Release|Any CPU
		{9FAB9D30-883E-4EC9-940C-DCF247C01628}.Debug|Any CPU.ActiveCfg = Debug|Any CPU
		{9FAB9D30-883E-4EC9-940C-DCF247C01628}.Debug|Any CPU.Build.0 = Debug|Any CPU
		{9FAB9D30-883E-4EC9-940C-DCF247C01628}.Release|Any CPU.ActiveCfg = Release|Any CPU
		{9FAB9D30-883E-4EC9-940C-DCF247C01628}.Release|Any CPU.Build.0 = Release|Any CPU
	EndGlobalSection
	GlobalSection(SolutionProperties) = preSolution
		HideSolutionNode = FALSE
	EndGlobalSection
	GlobalSection(ExtensibilityGlobals) = postSolution
		SolutionGuid = {3839496B-2763-41D1-B78B-D0BD72B03184}
	EndGlobalSection
EndGlobal
